
Microsoft Visual Studio Solution File, Format Version 12.00
# Visual Studio Version 17
VisualStudioVersion = 17.0.31903.59
MinimumVisualStudioVersion = 10.0.40219.1
Project("{FAE04EC0-301F-11D3-BF4B-00C04F79EFBC}") = "f1-shared", "f1-shared\f1-shared.csproj", "{476C2CBF-0DAF-46B3-B668-1EF42A4CC5A2}"
EndProject
Project("{FAE04EC0-301F-11D3-BF4B-00C04F79EFBC}") = "f1-feed-replay-service", "f1-feed-replay-service\f1-feed-replay-service.csproj", "{6E8068B6-6B29-432D-8C42-4F302EE2AA20}"
EndProject
Project("{FAE04EC0-301F-11D3-BF4B-00C04F79EFBC}") = "event-normalizer-service", "event-normalizer-service\event-normalizer-service.csproj", "{2B9772C1-6546-49E9-A2FF-AD9D094F09FC}"
EndProject
Project("{FAE04EC0-301F-11D3-BF4B-00C04F79EFBC}") = "race-state-service", "race-state-service\race-state-service.csproj", "{A0169149-9748-403B-852A-6DCA31016688}"
EndProject
Project("{FAE04EC0-301F-11D3-BF4B-00C04F79EFBC}") = "telemetry-analytics-service", "telemetry-analytics-service\telemetry-analytics-service.csproj", "{30EE3030-D617-4B18-A2B0-D9F62C55912B}"
EndProject
Global
	GlobalSection(SolutionConfigurationPlatforms) = preSolution
		Debug|Any CPU = Debug|Any CPU
		Debug|x64 = Debug|x64
		Debug|x86 = Debug|x86
		Release|Any CPU = Release|Any CPU
		Release|x64 = Release|x64
		Release|x86 = Release|x86
	EndGlobalSection
	GlobalSection(ProjectConfigurationPlatforms) = postSolution
		{476C2CBF-0DAF-46B3-B668-1EF42A4CC5A2}.Debug|Any CPU.ActiveCfg = Debug|Any CPU
		{476C2CBF-0DAF-46B3-B668-1EF42A4CC5A2}.Debug|Any CPU.Build.0 = Debug|Any CPU
		{476C2CBF-0DAF-46B3-B668-1EF42A4CC5A2}.Debug|x64.ActiveCfg = Debug|Any CPU
		{476C2CBF-0DAF-46B3-B668-1EF42A4CC5A2}.Debug|x64.Build.0 = Debug|Any CPU
		{476C2CBF-0DAF-46B3-B668-1EF42A4CC5A2}.Debug|x86.ActiveCfg = Debug|Any CPU
		{476C2CBF-0DAF-46B3-B668-1EF42A4CC5A2}.Debug|x86.Build.0 = Debug|Any CPU
		{476C2CBF-0DAF-46B3-B668-1EF42A4CC5A2}.Release|Any CPU.ActiveCfg = Release|Any CPU
		{476C2CBF-0DAF-46B3-B668-1EF42A4CC5A2}.Release|Any CPU.Build.0 = Release|Any CPU
		{476C2CBF-0DAF-46B3-B668-1EF42A4CC5A2}.Release|x64.ActiveCfg = Release|Any CPU
		{476C2CBF-0DAF-46B3-B668-1EF42A4CC5A2}.Release|x64.Build.0 = Release|Any CPU
		{476C2CBF-0DAF-46B3-B668-1EF42A4CC5A2}.Release|x86.ActiveCfg = Release|Any CPU
		{476C2CBF-0DAF-46B3-B668-1EF42A4CC5A2}.Release|x86.Build.0 = Release|Any CPU
		{6E8068B6-6B29-432D-8C42-4F302EE2AA20}.Debug|Any CPU.ActiveCfg = Debug|Any CPU
		{6E8068B6-6B29-432D-8C42-4F302EE2AA20}.Debug|Any CPU.Build.0 = Debug|Any CPU
		{6E8068B6-6B29-432D-8C42-4F302EE2AA20}.Debug|x64.ActiveCfg = Debug|Any CPU
		{6E8068B6-6B29-432D-8C42-4F302EE2AA20}.Debug|x64.Build.0 = Debug|Any CPU
		{6E8068B6-6B29-432D-8C42-4F302EE2AA20}.Debug|x86.ActiveCfg = Debug|Any CPU
		{6E8068B6-6B29-432D-8C42-4F302EE2AA20}.Debug|x86.Build.0 = Debug|Any CPU
		{6E8068B6-6B29-432D-8C42-4F302EE2AA20}.Release|Any CPU.ActiveCfg = Release|Any CPU
		{6E8068B6-6B29-432D-8C42-4F302EE2AA20}.Release|Any CPU.Build.0 = Release|Any CPU
		{6E8068B6-6B29-432D-8C42-4F302EE2AA20}.Release|x64.ActiveCfg = Release|Any CPU
		{6E8068B6-6B29-432D-8C42-4F302EE2AA20}.Release|x64.Build.0 = Release|Any CPU
		{6E8068B6-6B29-432D-8C42-4F302EE2AA20}.Release|x86.ActiveCfg = Release|Any CPU
		{6E8068B6-6B29-432D-8C42-4F302EE2AA20}.Release|x86.Build.0 = Release|Any CPU
		{2B9772C1-6546-49E9-A2FF-AD9D094F09FC}.Debug|Any CPU.ActiveCfg = Debug|Any CPU
		{2B9772C1-6546-49E9-A2FF-AD9D094F09FC}.Debug|Any CPU.Build.0 = Debug|Any CPU
		{2B9772C1-6546-49E9-A2FF-AD9D094F09FC}.Debug|x64.ActiveCfg = Debug|Any CPU
		{2B9772C1-6546-49E9-A2FF-AD9D094F09FC}.Debug|x64.Build.0 = Debug|Any CPU
		{2B9772C1-6546-49E9-A2FF-AD9D094F09FC}.Debug|x86.ActiveCfg = Debug|Any CPU
		{2B9772C1-6546-49E9-A2FF-AD9D094F09FC}.Debug|x86.Build.0 = Debug|Any CPU
		{2B9772C1-6546-49E9-A2FF-AD9D094F09FC}.Release|Any CPU.ActiveCfg = Release|Any CPU
		{2B9772C1-6546-49E9-A2FF-AD9D094F09FC}.Release|Any CPU.Build.0 = Release|Any CPU
		{2B9772C1-6546-49E9-A2FF-AD9D094F09FC}.Release|x64.ActiveCfg = Release|Any CPU
		{2B9772C1-6546-49E9-A2FF-AD9D094F09FC}.Release|x64.Build.0 = Release|Any CPU
		{2B9772C1-6546-49E9-A2FF-AD9D094F09FC}.Release|x86.ActiveCfg = Release|Any CPU
		{2B9772C1-6546-49E9-A2FF-AD9D094F09FC}.Release|x86.Build.0 = Release|Any CPU
		{A0169149-9748-403B-852A-6DCA31016688}.Debug|Any CPU.ActiveCfg = Debug|Any CPU
		{A0169149-9748-403B-852A-6DCA31016688}.Debug|Any CPU.Build.0 = Debug|Any CPU
		{A0169149-9748-403B-852A-6DCA31016688}.Debug|x64.ActiveCfg = Debug|Any CPU
		{A0169149-9748-403B-852A-6DCA31016688}.Debug|x64.Build.0 = Debug|Any CPU
		{A0169149-9748-403B-852A-6DCA31016688}.Debug|x86.ActiveCfg = Debug|Any CPU
		{A0169149-9748-403B-852A-6DCA31016688}.Debug|x86.Build.0 = Debug|Any CPU
		{A0169149-9748-403B-852A-6DCA31016688}.Release|Any CPU.ActiveCfg = Release|Any CPU
		{A0169149-9748-403B-852A-6DCA31016688}.Release|Any CPU.Build.0 = Release|Any CPU
		{A0169149-9748-403B-852A-6DCA31016688}.Release|x64.ActiveCfg = Release|Any CPU
		{A0169149-9748-403B-852A-6DCA31016688}.Release|x64.Build.0 = Release|Any CPU
		{A0169149-9748-403B-852A-6DCA31016688}.Release|x86.ActiveCfg = Release|Any CPU
		{A0169149-9748-403B-852A-6DCA31016688}.Release|x86.Build.0 = Release|Any CPU
		{30EE3030-D617-4B18-A2B0-D9F62C55912B}.Debug|Any CPU.ActiveCfg = Debug|Any CPU
		{30EE3030-D617-4B18-A2B0-D9F62C55912B}.Debug|Any CPU.Build.0 = Debug|Any CPU
		{30EE3030-D617-4B18-A2B0-D9F62C55912B}.Debug|x64.ActiveCfg = Debug|Any CPU
		{30EE3030-D617-4B18-A2B0-D9F62C55912B}.Debug|x64.Build.0 = Debug|Any CPU
		{30EE3030-D617-4B18-A2B0-D9F62C55912B}.Debug|x86.ActiveCfg = Debug|Any CPU
		{30EE3030-D617-4B18-A2B0-D9F62C55912B}.Debug|x86.Build.0 = Debug|Any CPU
		{30EE3030-D617-4B18-A2B0-D9F62C55912B}.Release|Any CPU.ActiveCfg = Release|Any CPU
		{30EE3030-D617-4B18-A2B0-D9F62C55912B}.Release|Any CPU.Build.0 = Release|Any CPU
		{30EE3030-D617-4B18-A2B0-D9F62C55912B}.Release|x64.ActiveCfg = Release|Any CPU
		{30EE3030-D617-4B18-A2B0-D9F62C55912B}.Release|x64.Build.0 = Release|Any CPU
		{30EE3030-D617-4B18-A2B0-D9F62C55912B}.Release|x86.ActiveCfg = Release|Any CPU
		{30EE3030-D617-4B18-A2B0-D9F62C55912B}.Release|x86.Build.0 = Release|Any CPU
	EndGlobalSection
	GlobalSection(SolutionProperties) = preSolution
		HideSolutionNode = FALSE
	EndGlobalSection
EndGlobal
